// !$*UTF8*$!
{
	archiveVersion = 1;
	classes = {
	};
	objectVersion = 48;
	objects = {

/* Begin PBXBuildFile section */
		ED87527220077D5500A5677F /* AppDelegate.swift in Sources */ = {isa = PBXBuildFile; fileRef = ED87527120077D5500A5677F /* AppDelegate.swift */; };
		ED87527420077D5500A5677F /* ViewController.swift in Sources */ = {isa = PBXBuildFile; fileRef = ED87527320077D5500A5677F /* ViewController.swift */; };
		ED87527720077D5500A5677F /* Main.storyboard in Resources */ = {isa = PBXBuildFile; fileRef = ED87527520077D5500A5677F /* Main.storyboard */; };
		ED87527920077D5500A5677F /* Assets.xcassets in Resources */ = {isa = PBXBuildFile; fileRef = ED87527820077D5500A5677F /* Assets.xcassets */; };
		ED87527C20077D5500A5677F /* LaunchScreen.storyboard in Resources */ = {isa = PBXBuildFile; fileRef = ED87527A20077D5500A5677F /* LaunchScreen.storyboard */; };
		ED87528720077D5500A5677F /* ProjectTests.swift in Sources */ = {isa = PBXBuildFile; fileRef = ED87528620077D5500A5677F /* ProjectTests.swift */; };
		ED87529220077D5500A5677F /* ProjectUITests.swift in Sources */ = {isa = PBXBuildFile; fileRef = ED87529120077D5500A5677F /* ProjectUITests.swift */; };
		ED8752A020079C9200A5677F /* Diary.swift in Sources */ = {isa = PBXBuildFile; fileRef = ED87529F20079C9200A5677F /* Diary.swift */; };
		ED8752A220079DB600A5677F /* DiariesTableViewController.swift in Sources */ = {isa = PBXBuildFile; fileRef = ED8752A120079DB600A5677F /* DiariesTableViewController.swift */; };
		ED8752A420079EDD00A5677F /* DiaryTableViewCell.swift in Sources */ = {isa = PBXBuildFile; fileRef = ED8752A320079EDD00A5677F /* DiaryTableViewCell.swift */; };
		ED8752A620079F5800A5677F /* AddDiaryTableViewController.swift in Sources */ = {isa = PBXBuildFile; fileRef = ED8752A520079F5800A5677F /* AddDiaryTableViewController.swift */; };
		ED8752A820079F6700A5677F /* EditDiaryTableViewController.swift in Sources */ = {isa = PBXBuildFile; fileRef = ED8752A720079F6700A5677F /* EditDiaryTableViewController.swift */; };
		ED8752AA20083A2200A5677F /* Spending.swift in Sources */ = {isa = PBXBuildFile; fileRef = ED8752A920083A2200A5677F /* Spending.swift */; };
		ED8752AC20083B4B00A5677F /* SpendingsTableViewController.swift in Sources */ = {isa = PBXBuildFile; fileRef = ED8752AB20083B4A00A5677F /* SpendingsTableViewController.swift */; };
		ED8752AE20083CA200A5677F /* SpendingTableViewCell.swift in Sources */ = {isa = PBXBuildFile; fileRef = ED8752AD20083CA200A5677F /* SpendingTableViewCell.swift */; };
		ED8752B020083CDF00A5677F /* AddSpendingTableViewController.swift in Sources */ = {isa = PBXBuildFile; fileRef = ED8752AF20083CDF00A5677F /* AddSpendingTableViewController.swift */; };
		ED8752B220083CEE00A5677F /* EditSpendingTableViewController.swift in Sources */ = {isa = PBXBuildFile; fileRef = ED8752B120083CEE00A5677F /* EditSpendingTableViewController.swift */; };
/* End PBXBuildFile section */

/* Begin PBXContainerItemProxy section */
		ED87528320077D5500A5677F /* PBXContainerItemProxy */ = {
			isa = PBXContainerItemProxy;
			containerPortal = ED87526620077D5400A5677F /* Project object */;
			proxyType = 1;
			remoteGlobalIDString = ED87526D20077D5500A5677F;
			remoteInfo = Project;
		};
		ED87528E20077D5500A5677F /* PBXContainerItemProxy */ = {
			isa = PBXContainerItemProxy;
			containerPortal = ED87526620077D5400A5677F /* Project object */;
			proxyType = 1;
			remoteGlobalIDString = ED87526D20077D5500A5677F;
			remoteInfo = Project;
		};
/* End PBXContainerItemProxy section */

/* Begin PBXFileReference section */
		ED87526E20077D5500A5677F /* Project.app */ = {isa = PBXFileReference; explicitFileType = wrapper.application; includeInIndex = 0; path = Project.app; sourceTree = BUILT_PRODUCTS_DIR; };
		ED87527120077D5500A5677F /* AppDelegate.swift */ = {isa = PBXFileReference; lastKnownFileType = sourcecode.swift; path = AppDelegate.swift; sourceTree = "<group>"; };
		ED87527320077D5500A5677F /* ViewController.swift */ = {isa = PBXFileReference; lastKnownFileType = sourcecode.swift; path = ViewController.swift; sourceTree = "<group>"; };
		ED87527620077D5500A5677F /* Base */ = {isa = PBXFileReference; lastKnownFileType = file.storyboard; name = Base; path = Base.lproj/Main.storyboard; sourceTree = "<group>"; };
		ED87527820077D5500A5677F /* Assets.xcassets */ = {isa = PBXFileReference; lastKnownFileType = folder.assetcatalog; path = Assets.xcassets; sourceTree = "<group>"; };
		ED87527B20077D5500A5677F /* Base */ = {isa = PBXFileReference; lastKnownFileType = file.storyboard; name = Base; path = Base.lproj/LaunchScreen.storyboard; sourceTree = "<group>"; };
		ED87527D20077D5500A5677F /* Info.plist */ = {isa = PBXFileReference; lastKnownFileType = text.plist.xml; path = Info.plist; sourceTree = "<group>"; };
		ED87528220077D5500A5677F /* ProjectTests.xctest */ = {isa = PBXFileReference; explicitFileType = wrapper.cfbundle; includeInIndex = 0; path = ProjectTests.xctest; sourceTree = BUILT_PRODUCTS_DIR; };
		ED87528620077D5500A5677F /* ProjectTests.swift */ = {isa = PBXFileReference; lastKnownFileType = sourcecode.swift; path = ProjectTests.swift; sourceTree = "<group>"; };
		ED87528820077D5500A5677F /* Info.plist */ = {isa = PBXFileReference; lastKnownFileType = text.plist.xml; path = Info.plist; sourceTree = "<group>"; };
		ED87528D20077D5500A5677F /* ProjectUITests.xctest */ = {isa = PBXFileReference; explicitFileType = wrapper.cfbundle; includeInIndex = 0; path = ProjectUITests.xctest; sourceTree = BUILT_PRODUCTS_DIR; };
		ED87529120077D5500A5677F /* ProjectUITests.swift */ = {isa = PBXFileReference; lastKnownFileType = sourcecode.swift; path = ProjectUITests.swift; sourceTree = "<group>"; };
		ED87529320077D5500A5677F /* Info.plist */ = {isa = PBXFileReference; lastKnownFileType = text.plist.xml; path = Info.plist; sourceTree = "<group>"; };
		ED87529F20079C9200A5677F /* Diary.swift */ = {isa = PBXFileReference; lastKnownFileType = sourcecode.swift; path = Diary.swift; sourceTree = "<group>"; };
		ED8752A120079DB600A5677F /* DiariesTableViewController.swift */ = {isa = PBXFileReference; lastKnownFileType = sourcecode.swift; path = DiariesTableViewController.swift; sourceTree = "<group>"; };
		ED8752A320079EDD00A5677F /* DiaryTableViewCell.swift */ = {isa = PBXFileReference; lastKnownFileType = sourcecode.swift; path = DiaryTableViewCell.swift; sourceTree = "<group>"; };
		ED8752A520079F5800A5677F /* AddDiaryTableViewController.swift */ = {isa = PBXFileReference; lastKnownFileType = sourcecode.swift; path = AddDiaryTableViewController.swift; sourceTree = "<group>"; };
		ED8752A720079F6700A5677F /* EditDiaryTableViewController.swift */ = {isa = PBXFileReference; lastKnownFileType = sourcecode.swift; path = EditDiaryTableViewController.swift; sourceTree = "<group>"; };
		ED8752A920083A2200A5677F /* Spending.swift */ = {isa = PBXFileReference; lastKnownFileType = sourcecode.swift; path = Spending.swift; sourceTree = "<group>"; };
		ED8752AB20083B4A00A5677F /* SpendingsTableViewController.swift */ = {isa = PBXFileReference; lastKnownFileType = sourcecode.swift; path = SpendingsTableViewController.swift; sourceTree = "<group>"; };
		ED8752AD20083CA200A5677F /* SpendingTableViewCell.swift */ = {isa = PBXFileReference; lastKnownFileType = sourcecode.swift; path = SpendingTableViewCell.swift; sourceTree = "<group>"; };
		ED8752AF20083CDF00A5677F /* AddSpendingTableViewController.swift */ = {isa = PBXFileReference; lastKnownFileType = sourcecode.swift; path = AddSpendingTableViewController.swift; sourceTree = "<group>"; };
		ED8752B120083CEE00A5677F /* EditSpendingTableViewController.swift */ = {isa = PBXFileReference; lastKnownFileType = sourcecode.swift; path = EditSpendingTableViewController.swift; sourceTree = "<group>"; };
/* End PBXFileReference section */

/* Begin PBXFrameworksBuildPhase section */
		ED87526B20077D5500A5677F /* Frameworks */ = {
			isa = PBXFrameworksBuildPhase;
			buildActionMask = 2147483647;
			files = (
			);
			runOnlyForDeploymentPostprocessing = 0;
		};
		ED87527F20077D5500A5677F /* Frameworks */ = {
			isa = PBXFrameworksBuildPhase;
			buildActionMask = 2147483647;
			files = (
			);
			runOnlyForDeploymentPostprocessing = 0;
		};
		ED87528A20077D5500A5677F /* Frameworks */ = {
			isa = PBXFrameworksBuildPhase;
			buildActionMask = 2147483647;
			files = (
			);
			runOnlyForDeploymentPostprocessing = 0;
		};
/* End PBXFrameworksBuildPhase section */

/* Begin PBXGroup section */
		ED87526520077D5400A5677F = {
			isa = PBXGroup;
			children = (
				ED87527020077D5500A5677F /* Project */,
				ED87528520077D5500A5677F /* ProjectTests */,
				ED87529020077D5500A5677F /* ProjectUITests */,
				ED87526F20077D5500A5677F /* Products */,
			);
			sourceTree = "<group>";
		};
		ED87526F20077D5500A5677F /* Products */ = {
			isa = PBXGroup;
			children = (
				ED87526E20077D5500A5677F /* Project.app */,
				ED87528220077D5500A5677F /* ProjectTests.xctest */,
				ED87528D20077D5500A5677F /* ProjectUITests.xctest */,
			);
			name = Products;
			sourceTree = "<group>";
		};
		ED87527020077D5500A5677F /* Project */ = {
			isa = PBXGroup;
			children = (
				ED87527120077D5500A5677F /* AppDelegate.swift */,
				ED87527320077D5500A5677F /* ViewController.swift */,
				ED87527520077D5500A5677F /* Main.storyboard */,
				ED87527820077D5500A5677F /* Assets.xcassets */,
				ED87527A20077D5500A5677F /* LaunchScreen.storyboard */,
				ED87527D20077D5500A5677F /* Info.plist */,
				ED87529F20079C9200A5677F /* Diary.swift */,
				ED8752A920083A2200A5677F /* Spending.swift */,
				ED8752A120079DB600A5677F /* DiariesTableViewController.swift */,
				ED8752A320079EDD00A5677F /* DiaryTableViewCell.swift */,
				ED8752A520079F5800A5677F /* AddDiaryTableViewController.swift */,
				ED8752A720079F6700A5677F /* EditDiaryTableViewController.swift */,
				ED8752AB20083B4A00A5677F /* SpendingsTableViewController.swift */,
				ED8752AD20083CA200A5677F /* SpendingTableViewCell.swift */,
				ED8752AF20083CDF00A5677F /* AddSpendingTableViewController.swift */,
				ED8752B120083CEE00A5677F /* EditSpendingTableViewController.swift */,
			);
			path = Project;
			sourceTree = "<group>";
		};
		ED87528520077D5500A5677F /* ProjectTests */ = {
			isa = PBXGroup;
			children = (
				ED87528620077D5500A5677F /* ProjectTests.swift */,
				ED87528820077D5500A5677F /* Info.plist */,
			);
			path = ProjectTests;
			sourceTree = "<group>";
		};
		ED87529020077D5500A5677F /* ProjectUITests */ = {
			isa = PBXGroup;
			children = (
				ED87529120077D5500A5677F /* ProjectUITests.swift */,
				ED87529320077D5500A5677F /* Info.plist */,
			);
			path = ProjectUITests;
			sourceTree = "<group>";
		};
/* End PBXGroup section */

/* Begin PBXNativeTarget section */
		ED87526D20077D5500A5677F /* Project */ = {
			isa = PBXNativeTarget;
			buildConfigurationList = ED87529620077D5500A5677F /* Build configuration list for PBXNativeTarget "Project" */;
			buildPhases = (
				ED87526A20077D5500A5677F /* Sources */,
				ED87526B20077D5500A5677F /* Frameworks */,
				ED87526C20077D5500A5677F /* Resources */,
			);
			buildRules = (
			);
			dependencies = (
			);
			name = Project;
			productName = Project;
			productReference = ED87526E20077D5500A5677F /* Project.app */;
			productType = "com.apple.product-type.application";
		};
		ED87528120077D5500A5677F /* ProjectTests */ = {
			isa = PBXNativeTarget;
			buildConfigurationList = ED87529920077D5500A5677F /* Build configuration list for PBXNativeTarget "ProjectTests" */;
			buildPhases = (
				ED87527E20077D5500A5677F /* Sources */,
				ED87527F20077D5500A5677F /* Frameworks */,
				ED87528020077D5500A5677F /* Resources */,
			);
			buildRules = (
			);
			dependencies = (
				ED87528420077D5500A5677F /* PBXTargetDependency */,
			);
			name = ProjectTests;
			productName = ProjectTests;
			productReference = ED87528220077D5500A5677F /* ProjectTests.xctest */;
			productType = "com.apple.product-type.bundle.unit-test";
		};
		ED87528C20077D5500A5677F /* ProjectUITests */ = {
			isa = PBXNativeTarget;
			buildConfigurationList = ED87529C20077D5500A5677F /* Build configuration list for PBXNativeTarget "ProjectUITests" */;
			buildPhases = (
				ED87528920077D5500A5677F /* Sources */,
				ED87528A20077D5500A5677F /* Frameworks */,
				ED87528B20077D5500A5677F /* Resources */,
			);
			buildRules = (
			);
			dependencies = (
				ED87528F20077D5500A5677F /* PBXTargetDependency */,
			);
			name = ProjectUITests;
			productName = ProjectUITests;
			productReference = ED87528D20077D5500A5677F /* ProjectUITests.xctest */;
			productType = "com.apple.product-type.bundle.ui-testing";
		};
/* End PBXNativeTarget section */

/* Begin PBXProject section */
		ED87526620077D5400A5677F /* Project object */ = {
			isa = PBXProject;
			attributes = {
				LastSwiftUpdateCheck = 0920;
				LastUpgradeCheck = 0920;
				ORGANIZATIONNAME = HongRuWu;
				TargetAttributes = {
					ED87526D20077D5500A5677F = {
						CreatedOnToolsVersion = 9.2;
						ProvisioningStyle = Automatic;
					};
					ED87528120077D5500A5677F = {
						CreatedOnToolsVersion = 9.2;
						ProvisioningStyle = Automatic;
						TestTargetID = ED87526D20077D5500A5677F;
					};
					ED87528C20077D5500A5677F = {
						CreatedOnToolsVersion = 9.2;
						ProvisioningStyle = Automatic;
						TestTargetID = ED87526D20077D5500A5677F;
					};
				};
			};
			buildConfigurationList = ED87526920077D5400A5677F /* Build configuration list for PBXProject "Project" */;
			compatibilityVersion = "Xcode 8.0";
			developmentRegion = en;
			hasScannedForEncodings = 0;
			knownRegions = (
				en,
				Base,
			);
			mainGroup = ED87526520077D5400A5677F;
			productRefGroup = ED87526F20077D5500A5677F /* Products */;
			projectDirPath = "";
			projectRoot = "";
			targets = (
				ED87526D20077D5500A5677F /* Project */,
				ED87528120077D5500A5677F /* ProjectTests */,
				ED87528C20077D5500A5677F /* ProjectUITests */,
			);
		};
/* End PBXProject section */

/* Begin PBXResourcesBuildPhase section */
		ED87526C20077D5500A5677F /* Resources */ = {
			isa = PBXResourcesBuildPhase;
			buildActionMask = 2147483647;
			files = (
				ED87527C20077D5500A5677F /* LaunchScreen.storyboard in Resources */,
				ED87527920077D5500A5677F /* Assets.xcassets in Resources */,
				ED87527720077D5500A5677F /* Main.storyboard in Resources */,
			);
			runOnlyForDeploymentPostprocessing = 0;
		};
		ED87528020077D5500A5677F /* Resources */ = {
			isa = PBXResourcesBuildPhase;
			buildActionMask = 2147483647;
			files = (
			);
			runOnlyForDeploymentPostprocessing = 0;
		};
		ED87528B20077D5500A5677F /* Resources */ = {
			isa = PBXResourcesBuildPhase;
			buildActionMask = 2147483647;
			files = (
			);
			runOnlyForDeploymentPostprocessing = 0;
		};
/* End PBXResourcesBuildPhase section */

/* Begin PBXSourcesBuildPhase section */
		ED87526A20077D5500A5677F /* Sources */ = {
			isa = PBXSourcesBuildPhase;
			buildActionMask = 2147483647;
			files = (
				ED87527420077D5500A5677F /* ViewController.swift in Sources */,
				ED8752AA20083A2200A5677F /* Spending.swift in Sources */,
				ED8752A420079EDD00A5677F /* DiaryTableViewCell.swift in Sources */,
				ED8752A820079F6700A5677F /* EditDiaryTableViewController.swift in Sources */,
				ED87527220077D5500A5677F /* AppDelegate.swift in Sources */,
				ED8752A220079DB600A5677F /* DiariesTableViewController.swift in Sources */,
				ED8752A020079C9200A5677F /* Diary.swift in Sources */,
				ED8752B020083CDF00A5677F /* AddSpendingTableViewController.swift in Sources */,
				ED8752A620079F5800A5677F /* AddDiaryTableViewController.swift in Sources */,
				ED8752B220083CEE00A5677F /* EditSpendingTableViewController.swift in Sources */,
				ED8752AC20083B4B00A5677F /* SpendingsTableViewController.swift in Sources */,
				ED8752AE20083CA200A5677F /* SpendingTableViewCell.swift in Sources */,
			);
			runOnlyForDeploymentPostprocessing = 0;
		};
		ED87527E20077D5500A5677F /* Sources */ = {
			isa = PBXSourcesBuildPhase;
			buildActionMask = 2147483647;
			files = (
				ED87528720077D5500A5677F /* ProjectTests.swift in Sources */,
			);
			runOnlyForDeploymentPostprocessing = 0;
		};
		ED87528920077D5500A5677F /* Sources */ = {
			isa = PBXSourcesBuildPhase;
			buildActionMask = 2147483647;
			files = (
				ED87529220077D5500A5677F /* ProjectUITests.swift in Sources */,
			);
			runOnlyForDeploymentPostprocessing = 0;
		};
/* End PBXSourcesBuildPhase section */

/* Begin PBXTargetDependency section */
		ED87528420077D5500A5677F /* PBXTargetDependency */ = {
			isa = PBXTargetDependency;
			target = ED87526D20077D5500A5677F /* Project */;
			targetProxy = ED87528320077D5500A5677F /* PBXContainerItemProxy */;
		};
		ED87528F20077D5500A5677F /* PBXTargetDependency */ = {
			isa = PBXTargetDependency;
			target = ED87526D20077D5500A5677F /* Project */;
			targetProxy = ED87528E20077D5500A5677F /* PBXContainerItemProxy */;
		};
/* End PBXTargetDependency section */

/* Begin PBXVariantGroup section */
		ED87527520077D5500A5677F /* Main.storyboard */ = {
			isa = PBXVariantGroup;
			children = (
				ED87527620077D5500A5677F /* Base */,
			);
			name = Main.storyboard;
			sourceTree = "<group>";
		};
		ED87527A20077D5500A5677F /* LaunchScreen.storyboard */ = {
			isa = PBXVariantGroup;
			children = (
				ED87527B20077D5500A5677F /* Base */,
			);
			name = LaunchScreen.storyboard;
			sourceTree = "<group>";
		};
/* End PBXVariantGroup section */

/* Begin XCBuildConfiguration section */
		ED87529420077D5500A5677F /* Debug */ = {
			isa = XCBuildConfiguration;
			buildSettings = {
				ALWAYS_SEARCH_USER_PATHS = NO;
				CLANG_ANALYZER_NONNULL = YES;
				CLANG_ANALYZER_NUMBER_OBJECT_CONVERSION = YES_AGGRESSIVE;
				CLANG_CXX_LANGUAGE_STANDARD = "gnu++14";
				CLANG_CXX_LIBRARY = "libc++";
				CLANG_ENABLE_MODULES = YES;
				CLANG_ENABLE_OBJC_ARC = YES;
				CLANG_WARN_BLOCK_CAPTURE_AUTORELEASING = YES;
				CLANG_WARN_BOOL_CONVERSION = YES;
				CLANG_WARN_COMMA = YES;
				CLANG_WARN_CONSTANT_CONVERSION = YES;
				CLANG_WARN_DIRECT_OBJC_ISA_USAGE = YES_ERROR;
				CLANG_WARN_DOCUMENTATION_COMMENTS = YES;
				CLANG_WARN_EMPTY_BODY = YES;
				CLANG_WARN_ENUM_CONVERSION = YES;
				CLANG_WARN_INFINITE_RECURSION = YES;
				CLANG_WARN_INT_CONVERSION = YES;
				CLANG_WARN_NON_LITERAL_NULL_CONVERSION = YES;
				CLANG_WARN_OBJC_LITERAL_CONVERSION = YES;
				CLANG_WARN_OBJC_ROOT_CLASS = YES_ERROR;
				CLANG_WARN_RANGE_LOOP_ANALYSIS = YES;
				CLANG_WARN_STRICT_PROTOTYPES = YES;
				CLANG_WARN_SUSPICIOUS_MOVE = YES;
				CLANG_WARN_UNGUARDED_AVAILABILITY = YES_AGGRESSIVE;
				CLANG_WARN_UNREACHABLE_CODE = YES;
				CLANG_WARN__DUPLICATE_METHOD_MATCH = YES;
				CODE_SIGN_IDENTITY = "iPhone Developer";
				COPY_PHASE_STRIP = NO;
				DEBUG_INFORMATION_FORMAT = dwarf;
				ENABLE_STRICT_OBJC_MSGSEND = YES;
				ENABLE_TESTABILITY = YES;
				GCC_C_LANGUAGE_STANDARD = gnu11;
				GCC_DYNAMIC_NO_PIC = NO;
				GCC_NO_COMMON_BLOCKS = YES;
				GCC_OPTIMIZATION_LEVEL = 0;
				GCC_PREPROCESSOR_DEFINITIONS = (
					"DEBUG=1",
					"$(inherited)",
				);
				GCC_WARN_64_TO_32_BIT_CONVERSION = YES;
				GCC_WARN_ABOUT_RETURN_TYPE = YES_ERROR;
				GCC_WARN_UNDECLARED_SELECTOR = YES;
				GCC_WARN_UNINITIALIZED_AUTOS = YES_AGGRESSIVE;
				GCC_WARN_UNUSED_FUNCTION = YES;
				GCC_WARN_UNUSED_VARIABLE = YES;
				IPHONEOS_DEPLOYMENT_TARGET = 11.2;
				MTL_ENABLE_DEBUG_INFO = YES;
				ONLY_ACTIVE_ARCH = YES;
				SDKROOT = iphoneos;
				SWIFT_ACTIVE_COMPILATION_CONDITIONS = DEBUG;
				SWIFT_OPTIMIZATION_LEVEL = "-Onone";
			};
			name = Debug;
		};
		ED87529520077D5500A5677F /* Release */ = {
			isa = XCBuildConfiguration;
			buildSettings = {
				ALWAYS_SEARCH_USER_PATHS = NO;
				CLANG_ANALYZER_NONNULL = YES;
				CLANG_ANALYZER_NUMBER_OBJECT_CONVERSION = YES_AGGRESSIVE;
				CLANG_CXX_LANGUAGE_STANDARD = "gnu++14";
				CLANG_CXX_LIBRARY = "libc++";
				CLANG_ENABLE_MODULES = YES;
				CLANG_ENABLE_OBJC_ARC = YES;
				CLANG_WARN_BLOCK_CAPTURE_AUTORELEASING = YES;
				CLANG_WARN_BOOL_CONVERSION = YES;
				CLANG_WARN_COMMA = YES;
				CLANG_WARN_CONSTANT_CONVERSION = YES;
				CLANG_WARN_DIRECT_OBJC_ISA_USAGE = YES_ERROR;
				CLANG_WARN_DOCUMENTATION_COMMENTS = YES;
				CLANG_WARN_EMPTY_BODY = YES;
				CLANG_WARN_ENUM_CONVERSION = YES;
				CLANG_WARN_INFINITE_RECURSION = YES;
				CLANG_WARN_INT_CONVERSION = YES;
				CLANG_WARN_NON_LITERAL_NULL_CONVERSION = YES;
				CLANG_WARN_OBJC_LITERAL_CONVERSION = YES;
				CLANG_WARN_OBJC_ROOT_CLASS = YES_ERROR;
				CLANG_WARN_RANGE_LOOP_ANALYSIS = YES;
				CLANG_WARN_STRICT_PROTOTYPES = YES;
				CLANG_WARN_SUSPICIOUS_MOVE = YES;
				CLANG_WARN_UNGUARDED_AVAILABILITY = YES_AGGRESSIVE;
				CLANG_WARN_UNREACHABLE_CODE = YES;
				CLANG_WARN__DUPLICATE_METHOD_MATCH = YES;
				CODE_SIGN_IDENTITY = "iPhone Developer";
				COPY_PHASE_STRIP = NO;
				DEBUG_INFORMATION_FORMAT = "dwarf-with-dsym";
				ENABLE_NS_ASSERTIONS = NO;
				ENABLE_STRICT_OBJC_MSGSEND = YES;
				GCC_C_LANGUAGE_STANDARD = gnu11;
				GCC_NO_COMMON_BLOCKS = YES;
				GCC_WARN_64_TO_32_BIT_CONVERSION = YES;
				GCC_WARN_ABOUT_RETURN_TYPE = YES_ERROR;
				GCC_WARN_UNDECLARED_SELECTOR = YES;
				GCC_WARN_UNINITIALIZED_AUTOS = YES_AGGRESSIVE;
				GCC_WARN_UNUSED_FUNCTION = YES;
				GCC_WARN_UNUSED_VARIABLE = YES;
				IPHONEOS_DEPLOYMENT_TARGET = 11.2;
				MTL_ENABLE_DEBUG_INFO = NO;
				SDKROOT = iphoneos;
				SWIFT_OPTIMIZATION_LEVEL = "-Owholemodule";
				VALIDATE_PRODUCT = YES;
			};
			name = Release;
		};
		ED87529720077D5500A5677F /* Debug */ = {
			isa = XCBuildConfiguration;
			buildSettings = {
				ASSETCATALOG_COMPILER_APPICON_NAME = AppIcon;
				CODE_SIGN_STYLE = Automatic;
				DEVELOPMENT_TEAM = 75938Q3DN8;
				INFOPLIST_FILE = Project/Info.plist;
				LD_RUNPATH_SEARCH_PATHS = "$(inherited) @executable_path/Frameworks";
				PRODUCT_BUNDLE_IDENTIFIER = com.IOSClass.Project;
				PRODUCT_NAME = "$(TARGET_NAME)";
				SWIFT_VERSION = 4.0;
				TARGETED_DEVICE_FAMILY = "1,2";
			};
			name = Debug;
		};
		ED87529820077D5500A5677F /* Release */ = {
			isa = XCBuildConfiguration;
			buildSettings = {
				ASSETCATALOG_COMPILER_APPICON_NAME = AppIcon;
				CODE_SIGN_STYLE = Automatic;
				DEVELOPMENT_TEAM = 75938Q3DN8;
				INFOPLIST_FILE = Project/Info.plist;
				LD_RUNPATH_SEARCH_PATHS = "$(inherited) @executable_path/Frameworks";
				PRODUCT_BUNDLE_IDENTIFIER = com.IOSClass.Project;
				PRODUCT_NAME = "$(TARGET_NAME)";
				SWIFT_VERSION = 4.0;
				TARGETED_DEVICE_FAMILY = "1,2";
			};
			name = Release;
		};
		ED87529A20077D5500A5677F /* Debug */ = {
			isa = XCBuildConfiguration;
			buildSettings = {
				ALWAYS_EMBED_SWIFT_STANDARD_LIBRARIES = YES;
				BUNDLE_LOADER = "$(TEST_HOST)";
				CODE_SIGN_STYLE = Automatic;
				DEVELOPMENT_TEAM = 75938Q3DN8;
				INFOPLIST_FILE = ProjectTests/Info.plist;
				LD_RUNPATH_SEARCH_PATHS = "$(inherited) @executable_path/Frameworks @loader_path/Frameworks";
				PRODUCT_BUNDLE_IDENTIFIER = com.IOSClass.ProjectTests;
				PRODUCT_NAME = "$(TARGET_NAME)";
				SWIFT_VERSION = 4.0;
				TARGETED_DEVICE_FAMILY = "1,2";
				TEST_HOST = "$(BUILT_PRODUCTS_DIR)/Project.app/Project";
			};
			name = Debug;
		};
		ED87529B20077D5500A5677F /* Release */ = {
			isa = XCBuildConfiguration;
			buildSettings = {
				ALWAYS_EMBED_SWIFT_STANDARD_LIBRARIES = YES;
				BUNDLE_LOADER = "$(TEST_HOST)";
				CODE_SIGN_STYLE = Automatic;
				DEVELOPMENT_TEAM = 75938Q3DN8;
				INFOPLIST_FILE = ProjectTests/Info.plist;
				LD_RUNPATH_SEARCH_PATHS = "$(inherited) @executable_path/Frameworks @loader_path/Frameworks";
				PRODUCT_BUNDLE_IDENTIFIER = com.IOSClass.ProjectTests;
				PRODUCT_NAME = "$(TARGET_NAME)";
				SWIFT_VERSION = 4.0;
				TARGETED_DEVICE_FAMILY = "1,2";
				TEST_HOST = "$(BUILT_PRODUCTS_DIR)/Project.app/Project";
			};
			name = Release;
		};
		ED87529D20077D5500A5677F /* Debug */ = {
			isa = XCBuildConfiguration;
			buildSettings = {
				ALWAYS_EMBED_SWIFT_STANDARD_LIBRARIES = YES;
				CODE_SIGN_STYLE = Automatic;
				DEVELOPMENT_TEAM = 75938Q3DN8;
				INFOPLIST_FILE = ProjectUITests/Info.plist;
				LD_RUNPATH_SEARCH_PATHS = "$(inherited) @executable_path/Frameworks @loader_path/Frameworks";
				PRODUCT_BUNDLE_IDENTIFIER = com.IOSClass.ProjectUITests;
				PRODUCT_NAME = "$(TARGET_NAME)";
				SWIFT_VERSION = 4.0;
				TARGETED_DEVICE_FAMILY = "1,2";
				TEST_TARGET_NAME = Project;
			};
			name = Debug;
		};
		ED87529E20077D5500A5677F /* Release */ = {
			isa = XCBuildConfiguration;
			buildSettings = {
				ALWAYS_EMBED_SWIFT_STANDARD_LIBRARIES = YES;
				CODE_SIGN_STYLE = Automatic;
				DEVELOPMENT_TEAM = 75938Q3DN8;
				INFOPLIST_FILE = ProjectUITests/Info.plist;
				LD_RUNPATH_SEARCH_PATHS = "$(inherited) @executable_path/Frameworks @loader_path/Frameworks";
				PRODUCT_BUNDLE_IDENTIFIER = com.IOSClass.ProjectUITests;
				PRODUCT_NAME = "$(TARGET_NAME)";
				SWIFT_VERSION = 4.0;
				TARGETED_DEVICE_FAMILY = "1,2";
				TEST_TARGET_NAME = Project;
			};
			name = Release;
		};
/* End XCBuildConfiguration section */

/* Begin XCConfigurationList section */
		ED87526920077D5400A5677F /* Build configuration list for PBXProject "Project" */ = {
			isa = XCConfigurationList;
			buildConfigurations = (
				ED87529420077D5500A5677F /* Debug */,
				ED87529520077D5500A5677F /* Release */,
			);
			defaultConfigurationIsVisible = 0;
			defaultConfigurationName = Release;
		};
		ED87529620077D5500A5677F /* Build configuration list for PBXNativeTarget "Project" */ = {
			isa = XCConfigurationList;
			buildConfigurations = (
				ED87529720077D5500A5677F /* Debug */,
				ED87529820077D5500A5677F /* Release */,
			);
			defaultConfigurationIsVisible = 0;
			defaultConfigurationName = Release;
		};
		ED87529920077D5500A5677F /* Build configuration list for PBXNativeTarget "ProjectTests" */ = {
			isa = XCConfigurationList;
			buildConfigurations = (
				ED87529A20077D5500A5677F /* Debug */,
				ED87529B20077D5500A5677F /* Release */,
			);
			defaultConfigurationIsVisible = 0;
			defaultConfigurationName = Release;
		};
		ED87529C20077D5500A5677F /* Build configuration list for PBXNativeTarget "ProjectUITests" */ = {
			isa = XCConfigurationList;
			buildConfigurations = (
				ED87529D20077D5500A5677F /* Debug */,
				ED87529E20077D5500A5677F /* Release */,
			);
			defaultConfigurationIsVisible = 0;
			defaultConfigurationName = Release;
		};
/* End XCConfigurationList section */
	};
	rootObject = ED87526620077D5400A5677F /* Project object */;
}
